# This file was autogenerated by Stack.
# You should not edit this file by hand.
# For more information, please see the documentation at:
#   https://docs.haskellstack.org/en/stable/lock_files

packages:
- completed:
    hackage: wreq-0.5.3.2@sha256:eb1d848e983a1d1b8960c28840b55e56d8b3d760e9d014b5d9d018b13439e63f,5570
    pantry-tree:
      size: 2423
      sha256: 30d7ad14313cbb3b2efa18665c50853b71941253ce6d182e30a1c11e35c01141
  original:
    hackage: wreq-0.5.3.2
snapshots:
- completed:
    size: 524162
    url: https://raw.githubusercontent.com/commercialhaskell/stackage-snapshots/master/lts/14/21.yaml
    sha256: 9a55dd75853718f2bbbe951872b36a3b7802fcd71796e0f25b8664f24e34c666
  original: lts-14.21
