# This file was autogenerated by Stack.
# You should not edit this file by hand.
# For more information, please see the documentation at:
#   https://docs.haskellstack.org/en/stable/lock_files

packages:
- completed:
    hackage: wreq-0.5.3.2@sha256:eb1d848e983a1d1b8960c28840b55e56d8b3d760e9d014b5d9d018b13439e63f,5570
    pantry-tree:
      sha256: 30d7ad14313cbb3b2efa18665c50853b71941253ce6d182e30a1c11e35c01141
      size: 2423
  original:
    hackage: wreq-0.5.3.2
snapshots:
- completed:
    sha256: 5b002d57c51092aa58a8696ccf0993e74fa6ed2efd48e2bbca349e9c2f67c5ef
    size: 713334
    url: https://raw.githubusercontent.com/commercialhaskell/stackage-snapshots/master/lts/22/15.yaml
  original: lts-22.15
